# THIS IS AN AUTOGENERATED FILE. DO NOT EDIT THIS FILE DIRECTLY.
# yarn lockfile v1


vuex@^4.0.0-rc.2:
  version "4.0.0-rc.2"
  resolved "https://registry.yarnpkg.com/vuex/-/vuex-4.0.0-rc.2.tgz#3681c84eb6f5171b039edaa17cc78105e20724f3"
  integrity sha512-HCPzYGea1xL7fMpDoMiHKujC1Bi/HM9LS5ML0Kv55zQtZJvOl0Lq7eWvJoen+SI4Lf7p9V5AqcVsoLPXNBywjg==
